
Microsoft Visual Studio Solution File, Format Version 12.00
# Visual Studio Version 17
VisualStudioVersion = 17.10.35122.118
MinimumVisualStudioVersion = 10.0.40219.1
Project("{F2A71F9B-5D33-465A-A702-920D77279786}") = "ConsoleApp2", "ConsoleApp2\ConsoleApp2.fsproj", "{F32F642F-4110-46C8-A1AA-617709653C6B}"
EndProject
Global
	GlobalSection(SolutionConfigurationPlatforms) = preSolution
		Debug|Any CPU = Debug|Any CPU
		Release|Any CPU = Release|Any CPU
	EndGlobalSection
	GlobalSection(ProjectConfigurationPlatforms) = postSolution
		{F32F642F-4110-46C8-A1AA-617709653C6B}.Debug|Any CPU.ActiveCfg = Debug|Any CPU
		{F32F642F-4110-46C8-A1AA-617709653C6B}.Debug|Any CPU.Build.0 = Debug|Any CPU
		{F32F642F-4110-46C8-A1AA-617709653C6B}.Release|Any CPU.ActiveCfg = Release|Any CPU
		{F32F642F-4110-46C8-A1AA-617709653C6B}.Release|Any CPU.Build.0 = Release|Any CPU
	EndGlobalSection
	GlobalSection(SolutionProperties) = preSolution
		HideSolutionNode = FALSE
	EndGlobalSection
	GlobalSection(ExtensibilityGlobals) = postSolution
		SolutionGuid = {DFE2E08D-6CF2-47CF-88E8-49046748F740}
	EndGlobalSection
EndGlobal
